{
  "name": "urbs",
  "version": "0.0.0",
  "lockfileVersion": 3,
  "requires": true,
  "packages": {
    "": {
      "name": "urbs",
      "version": "0.0.0",
      "workspaces": [
        "packages/*"
      ],
      "engines": {
        "node": ">=20.11.0"
      }
    },
    "node_modules/@types/geojson": {
      "version": "7946.0.16",
      "resolved": "https://registry.npmjs.org/@types/geojson/-/geojson-7946.0.16.tgz",
      "integrity": "sha512-6C8nqWur3j98U6+lXDfTUWIfgvZU+EumvpHKcYjujKH7woYyLj2sUmff0tRhrqM7BohUw7Pz3ZB1jj2gW9Fvmg==",
      "license": "MIT",
      "optional": true
    },
    "node_modules/osm2geojson-lite": {
      "version": "2.0.1",
      "resolved": "https://registry.npmjs.org/osm2geojson-lite/-/osm2geojson-lite-2.0.1.tgz",
      "integrity": "sha512-vAQqrM0MRikaZw/uosbCtnK97uUVY6+tdpT30fJH2X9xu7lGQ13ZDEu2KNzQhPd4sv702iQ9TCGwHNeagtcKpQ==",
      "license": "MIT",
      "bin": {
        "osm2geojson-lite": "dist/cli.mjs"
      },
      "optionalDependencies": {
        "@types/geojson": "^7946.0.16"
      }
    },
    "node_modules/urbs-core": {
      "resolved": "packages/urbs-core",
      "link": true
    },
    "node_modules/urbs-pipeline": {
      "resolved": "packages/urbs-pipeline",
      "link": true
    },
    "node_modules/urbs-providers": {
      "resolved": "packages/urbs-providers",
      "link": true
    },
    "packages/urbs-core": {
      "version": "0.0.0"
    },
    "packages/urbs-pipeline": {
      "version": "0.0.0",
      "dependencies": {
        "urbs-core": "0.0.0",
        "urbs-providers": "0.0.0"
      }
    },
    "packages/urbs-providers": {
      "version": "0.0.0",
      "dependencies": {
        "osm2geojson-lite": "2.0.1",
        "urbs-core": "0.0.0"
      }
    }
  }
}
