{
  "name": "urbs",
  "version": "0.0.0",
  "lockfileVersion": 3,
  "requires": true,
  "packages": {
    "": {
      "name": "urbs",
      "version": "0.0.0",
      "workspaces": [
        "packages/*"
      ],
      "engines": {
        "node": ">=20.11.0"
      }
    },
    "node_modules/@types/geojson": {
      "version": "7946.0.16",
      "resolved": "https://registry.npmjs.org/@types/geojson/-/geojson-7946.0.16.tgz",
      "integrity": "sha512-6C8nqWur3j98U6+lXDfTUWIfgvZU+EumvpHKcYjujKH7woYyLj2sUmff0tRhrqM7BohUw7Pz3ZB1jj2gW9Fvmg==",
      "license": "MIT",
      "optional": true
    },
    "node_modules/earcut": {
      "version": "3.2.3",
      "resolved": "https://registry.npmjs.org/earcut/-/earcut-3.2.3.tgz",
      "integrity": "sha512-vnS4AVwp1KHAF13i1vp1/2D5evWy3k5u/iW/B81QVsUZtV8cv2tU0b2VNFlqvh4kYwrFMDdjPCfAmfyJW9y14Q==",
      "license": "ISC"
    },
    "node_modules/mgrs": {
      "version": "1.0.0",
      "resolved": "https://registry.npmjs.org/mgrs/-/mgrs-1.0.0.tgz",
      "integrity": "sha512-awNbTOqCxK1DBGjalK3xqWIstBZgN6fxsMSiXLs9/spqWkF2pAhb2rrYCFSsr1/tT7PhcDGjZndG8SWYn0byYA==",
      "license": "MIT"
    },
    "node_modules/osm2geojson-lite": {
      "version": "2.0.1",
      "resolved": "https://registry.npmjs.org/osm2geojson-lite/-/osm2geojson-lite-2.0.1.tgz",
      "integrity": "sha512-vAQqrM0MRikaZw/uosbCtnK97uUVY6+tdpT30fJH2X9xu7lGQ13ZDEu2KNzQhPd4sv702iQ9TCGwHNeagtcKpQ==",
      "license": "MIT",
      "bin": {
        "osm2geojson-lite": "dist/cli.mjs"
      },
      "optionalDependencies": {
        "@types/geojson": "^7946.0.16"
      }
    },
    "node_modules/proj4": {
      "version": "2.22.0",
      "resolved": "https://registry.npmjs.org/proj4/-/proj4-2.22.0.tgz",
      "integrity": "sha512-MVvH09QrYm3A235rcX39WDiCKanrBiblu28l0KYIn/B2DofmYhvP/LLS43kE66jNDfx/P1l/nah3JmsAq8UgbQ==",
      "license": "MIT",
      "dependencies": {
        "mgrs": "1.0.0",
        "wkt-parser": "^1.5.5"
      },
      "funding": {
        "url": "https://github.com/sponsors/ahocevar"
      },
      "peerDependencies": {
        "geotiff": "*"
      },
      "peerDependenciesMeta": {
        "geotiff": {
          "optional": true
        }
      }
    },
    "node_modules/three": {
      "version": "0.186.1",
      "resolved": "https://registry.npmjs.org/three/-/three-0.186.1.tgz",
      "integrity": "sha512-blFeqb49wRCSGUGj7gtpfnSGHy2lwDk94RhUmS1c/hTby70kvChbWpkJ4Pm1390LqzzvTmzgXKHPEafJwCb8jA==",
      "license": "MIT"
    },
    "node_modules/urbs-core": {
      "resolved": "packages/urbs-core",
      "link": true
    },
    "node_modules/urbs-pipeline": {
      "resolved": "packages/urbs-pipeline",
      "link": true
    },
    "node_modules/urbs-providers": {
      "resolved": "packages/urbs-providers",
      "link": true
    },
    "node_modules/urbs-viewer": {
      "resolved": "packages/urbs-viewer",
      "link": true
    },
    "node_modules/wkt-parser": {
      "version": "1.5.6",
      "resolved": "https://registry.npmjs.org/wkt-parser/-/wkt-parser-1.5.6.tgz",
      "integrity": "sha512-cqHU3lzGt/gt2OqIORP0uVy5yeOX43WABmgFkmJsmcqH3HhQo9PiJG6ftytwGKmpQUbegeX7+pQc2BuNCRfcrw==",
      "license": "MIT",
      "funding": {
        "url": "https://github.com/sponsors/ahocevar"
      }
    },
    "packages/urbs-core": {
      "version": "0.0.0"
    },
    "packages/urbs-pipeline": {
      "version": "0.0.0",
      "dependencies": {
        "proj4": "2.22.0",
        "urbs-core": "0.0.0",
        "urbs-providers": "0.0.0"
      },
      "bin": {
        "urbs-generar": "bin/generar.js"
      }
    },
    "packages/urbs-providers": {
      "version": "0.0.0",
      "dependencies": {
        "osm2geojson-lite": "2.0.1",
        "urbs-core": "0.0.0"
      }
    },
    "packages/urbs-viewer": {
      "version": "0.0.0",
      "dependencies": {
        "earcut": "3.2.3",
        "three": "0.186.1",
        "urbs-core": "0.0.0"
      }
    }
  }
}
